
Microsoft Visual Studio Solution File, Format Version 12.00
# Visual Studio 15
VisualStudioVersion = 15.0.28307.329
MinimumVisualStudioVersion = 10.0.40219.1
Project("{2150E333-8FDC-42A3-9474-1A3956D46DE8}") = "src", "src", "{EFAD19EE-C5AE-4222-B310-98D7ED894817}"
EndProject
Project("{2150E333-8FDC-42A3-9474-1A3956D46DE8}") = "tests", "tests", "{C7F9D95E-37A9-4B73-B32A-C6637EE96FE5}"
EndProject
Project("{9A19103F-16F7-4668-BE54-9A1E7A4F7556}") = "Cosmos.Serialization.Jil", "src\Cosmos.Serialization.Jil\Cosmos.Serialization.Jil.csproj", "{8B3CC459-D295-4A69-8E3D-3E07A4B2D09F}"
EndProject
Project("{9A19103F-16F7-4668-BE54-9A1E7A4F7556}") = "Cosmos.Serialization.Json", "src\Cosmos.Serialization.Json\Cosmos.Serialization.Json.csproj", "{46AF7D0B-C91A-4C84-8BF0-AC0DB4BF37F1}"
EndProject
Project("{9A19103F-16F7-4668-BE54-9A1E7A4F7556}") = "Cosmos.Serialization.Protobuf", "src\Cosmos.Serialization.Protobuf\Cosmos.Serialization.Protobuf.csproj", "{316DEFAD-60E1-4FC4-B10D-B98E6FB89266}"
EndProject
Project("{9A19103F-16F7-4668-BE54-9A1E7A4F7556}") = "Cosmos.Serialization.MessagePack", "src\Cosmos.Serialization.MessagePack\Cosmos.Serialization.MessagePack.csproj", "{717B61A9-C501-4F92-A05D-800E86A725C2}"
EndProject
Project("{9A19103F-16F7-4668-BE54-9A1E7A4F7556}") = "Cosmos.Serialization.Xml", "src\Cosmos.Serialization.Xml\Cosmos.Serialization.Xml.csproj", "{2368960A-3759-4FEA-BC14-4A97D9F95637}"
EndProject
Project("{9A19103F-16F7-4668-BE54-9A1E7A4F7556}") = "Cosmos.Serialization.Lit", "src\Cosmos.Serialization.Lit\Cosmos.Serialization.Lit.csproj", "{695D3666-3B1F-41AE-A12D-822A0CDBC70A}"
EndProject
Project("{9A19103F-16F7-4668-BE54-9A1E7A4F7556}") = "Cosmos.Serialization.Swifter", "src\Cosmos.Serialization.Swifter\Cosmos.Serialization.Swifter.csproj", "{BAE8B39B-F862-4A57-A4B7-F17459395868}"
EndProject
Project("{2150E333-8FDC-42A3-9474-1A3956D46DE8}") = "Solution Items", "Solution Items", "{850BA238-D275-4149-8125-C5EBF5CC97A8}"
	ProjectSection(SolutionItems) = preProject
		NuGet.config = NuGet.config
		Publish.bat = Publish.bat
		PublishToMyGet.bat = PublishToMyGet.bat
		README.MD = README.MD
	EndProjectSection
EndProject
Project("{2150E333-8FDC-42A3-9474-1A3956D46DE8}") = "build", "build", "{5F53D90A-2D1B-4D7A-BE79-8050E92DFD87}"
	ProjectSection(SolutionItems) = preProject
		build\common.props = build\common.props
	EndProjectSection
EndProject
Global
	GlobalSection(SolutionConfigurationPlatforms) = preSolution
		Debug|Any CPU = Debug|Any CPU
		Release|Any CPU = Release|Any CPU
	EndGlobalSection
	GlobalSection(ProjectConfigurationPlatforms) = postSolution
		{8B3CC459-D295-4A69-8E3D-3E07A4B2D09F}.Debug|Any CPU.ActiveCfg = Debug|Any CPU
		{8B3CC459-D295-4A69-8E3D-3E07A4B2D09F}.Debug|Any CPU.Build.0 = Debug|Any CPU
		{8B3CC459-D295-4A69-8E3D-3E07A4B2D09F}.Release|Any CPU.ActiveCfg = Release|Any CPU
		{8B3CC459-D295-4A69-8E3D-3E07A4B2D09F}.Release|Any CPU.Build.0 = Release|Any CPU
		{46AF7D0B-C91A-4C84-8BF0-AC0DB4BF37F1}.Debug|Any CPU.ActiveCfg = Debug|Any CPU
		{46AF7D0B-C91A-4C84-8BF0-AC0DB4BF37F1}.Debug|Any CPU.Build.0 = Debug|Any CPU
		{46AF7D0B-C91A-4C84-8BF0-AC0DB4BF37F1}.Release|Any CPU.ActiveCfg = Release|Any CPU
		{46AF7D0B-C91A-4C84-8BF0-AC0DB4BF37F1}.Release|Any CPU.Build.0 = Release|Any CPU
		{316DEFAD-60E1-4FC4-B10D-B98E6FB89266}.Debug|Any CPU.ActiveCfg = Debug|Any CPU
		{316DEFAD-60E1-4FC4-B10D-B98E6FB89266}.Debug|Any CPU.Build.0 = Debug|Any CPU
		{316DEFAD-60E1-4FC4-B10D-B98E6FB89266}.Release|Any CPU.ActiveCfg = Release|Any CPU
		{316DEFAD-60E1-4FC4-B10D-B98E6FB89266}.Release|Any CPU.Build.0 = Release|Any CPU
		{717B61A9-C501-4F92-A05D-800E86A725C2}.Debug|Any CPU.ActiveCfg = Debug|Any CPU
		{717B61A9-C501-4F92-A05D-800E86A725C2}.Debug|Any CPU.Build.0 = Debug|Any CPU
		{717B61A9-C501-4F92-A05D-800E86A725C2}.Release|Any CPU.ActiveCfg = Release|Any CPU
		{717B61A9-C501-4F92-A05D-800E86A725C2}.Release|Any CPU.Build.0 = Release|Any CPU
		{2368960A-3759-4FEA-BC14-4A97D9F95637}.Debug|Any CPU.ActiveCfg = Debug|Any CPU
		{2368960A-3759-4FEA-BC14-4A97D9F95637}.Debug|Any CPU.Build.0 = Debug|Any CPU
		{2368960A-3759-4FEA-BC14-4A97D9F95637}.Release|Any CPU.ActiveCfg = Release|Any CPU
		{2368960A-3759-4FEA-BC14-4A97D9F95637}.Release|Any CPU.Build.0 = Release|Any CPU
		{695D3666-3B1F-41AE-A12D-822A0CDBC70A}.Debug|Any CPU.ActiveCfg = Debug|Any CPU
		{695D3666-3B1F-41AE-A12D-822A0CDBC70A}.Debug|Any CPU.Build.0 = Debug|Any CPU
		{695D3666-3B1F-41AE-A12D-822A0CDBC70A}.Release|Any CPU.ActiveCfg = Release|Any CPU
		{695D3666-3B1F-41AE-A12D-822A0CDBC70A}.Release|Any CPU.Build.0 = Release|Any CPU
		{BAE8B39B-F862-4A57-A4B7-F17459395868}.Debug|Any CPU.ActiveCfg = Debug|Any CPU
		{BAE8B39B-F862-4A57-A4B7-F17459395868}.Debug|Any CPU.Build.0 = Debug|Any CPU
		{BAE8B39B-F862-4A57-A4B7-F17459395868}.Release|Any CPU.ActiveCfg = Release|Any CPU
		{BAE8B39B-F862-4A57-A4B7-F17459395868}.Release|Any CPU.Build.0 = Release|Any CPU
	EndGlobalSection
	GlobalSection(SolutionProperties) = preSolution
		HideSolutionNode = FALSE
	EndGlobalSection
	GlobalSection(NestedProjects) = preSolution
		{8B3CC459-D295-4A69-8E3D-3E07A4B2D09F} = {EFAD19EE-C5AE-4222-B310-98D7ED894817}
		{46AF7D0B-C91A-4C84-8BF0-AC0DB4BF37F1} = {EFAD19EE-C5AE-4222-B310-98D7ED894817}
		{316DEFAD-60E1-4FC4-B10D-B98E6FB89266} = {EFAD19EE-C5AE-4222-B310-98D7ED894817}
		{717B61A9-C501-4F92-A05D-800E86A725C2} = {EFAD19EE-C5AE-4222-B310-98D7ED894817}
		{2368960A-3759-4FEA-BC14-4A97D9F95637} = {EFAD19EE-C5AE-4222-B310-98D7ED894817}
		{695D3666-3B1F-41AE-A12D-822A0CDBC70A} = {EFAD19EE-C5AE-4222-B310-98D7ED894817}
		{BAE8B39B-F862-4A57-A4B7-F17459395868} = {EFAD19EE-C5AE-4222-B310-98D7ED894817}
		{5F53D90A-2D1B-4D7A-BE79-8050E92DFD87} = {850BA238-D275-4149-8125-C5EBF5CC97A8}
	EndGlobalSection
	GlobalSection(ExtensibilityGlobals) = postSolution
		SolutionGuid = {45736C31-1DF4-498D-A203-98B7B81363D6}
	EndGlobalSection
EndGlobal
