
Microsoft Visual Studio Solution File, Format Version 12.00
# Visual Studio Version 16
VisualStudioVersion = 16.0.28803.202
MinimumVisualStudioVersion = 10.0.40219.1
Project("{2150E333-8FDC-42A3-9474-1A3956D46DE8}") = "src", "src", "{BDBDE50C-D11B-4B8B-8349-0B6681CC98FF}"
EndProject
Project("{2150E333-8FDC-42A3-9474-1A3956D46DE8}") = "Solution Items", "Solution Items", "{CF634BA0-51EE-4B4A-AB50-5DA72FCD3B6B}"
	ProjectSection(SolutionItems) = preProject
		LICENSE = LICENSE
		NuGet.config = NuGet.config
		Publish.bat = Publish.bat
		PublishToMyGet.bat = PublishToMyGet.bat
		README.md = README.md
	EndProjectSection
EndProject
Project("{2150E333-8FDC-42A3-9474-1A3956D46DE8}") = "test", "test", "{0F01E2EF-3398-47CB-B5CB-33AF122A1BC7}"
EndProject
Project("{2150E333-8FDC-42A3-9474-1A3956D46DE8}") = "build", "build", "{83D0F22B-1ED1-4B88-A18F-DF8CC6385E1F}"
	ProjectSection(SolutionItems) = preProject
		build\common.props = build\common.props
		build\version.props = build\version.props
		build\misc.props = build\misc.props
		build\package.props = build\package.props
		build\common.net461-net451.props = build\common.net461-net451.props
		build\common.net461.props = build\common.net461.props
		build\common.ns20-net451.props = build\common.ns20-net451.props
		build\common.ns20-net461-net451.props = build\common.ns20-net461-net451.props
		build\common.ns20-net461.props = build\common.ns20-net461.props
		build\common.ns20.props = build\common.ns20.props
	EndProjectSection
EndProject
Project("{9A19103F-16F7-4668-BE54-9A1E7A4F7556}") = "Cosmos", "src\Cosmos\Cosmos.csproj", "{8FE469B4-1086-4708-8CF4-5CCF6645EB20}"
EndProject
Project("{9A19103F-16F7-4668-BE54-9A1E7A4F7556}") = "Cosmos.Test", "test\Cosmos.Test\Cosmos.Test.csproj", "{FEFFEF83-5011-490B-8E0D-9FBE516FCE7D}"
EndProject
Project("{9A19103F-16F7-4668-BE54-9A1E7A4F7556}") = "Cosmos.Extensions", "src\Cosmos.Extensions\Cosmos.Extensions.csproj", "{519B9916-5BC9-4AEC-829A-F117BB559197}"
EndProject
Project("{9A19103F-16F7-4668-BE54-9A1E7A4F7556}") = "Cosmos.Extensions.DateTime", "src\Cosmos.Extensions.DateTime\Cosmos.Extensions.DateTime.csproj", "{CB6A93EA-344E-4D4E-B268-4F0181BAC009}"
EndProject
Project("{9A19103F-16F7-4668-BE54-9A1E7A4F7556}") = "Cosmos.Extensions.Preconditions", "src\Cosmos.Extensions.Preconditions\Cosmos.Extensions.Preconditions.csproj", "{85C2BF3F-F1A4-44DA-90E5-2B8328C8DB8F}"
EndProject
Project("{9A19103F-16F7-4668-BE54-9A1E7A4F7556}") = "Cosmos.Standard", "src\Cosmos.Standard\Cosmos.Standard.csproj", "{0A2CA6C4-A168-460F-BD36-E2BAD2BCE353}"
EndProject
Project("{9A19103F-16F7-4668-BE54-9A1E7A4F7556}") = "Cosmos.Abstractions", "src\Cosmos.Abstractions\Cosmos.Abstractions.csproj", "{890A95AB-C6F1-465D-AC11-5B9EEE712318}"
EndProject
Project("{9A19103F-16F7-4668-BE54-9A1E7A4F7556}") = "Cosmos.Extensions.Domain", "src\Cosmos.Extensions.Domain\Cosmos.Extensions.Domain.csproj", "{A74DA34D-0340-434D-9FF0-190F7E61BA99}"
EndProject
Project("{9A19103F-16F7-4668-BE54-9A1E7A4F7556}") = "Cosmos.Extensions.Collections", "src\Cosmos.Extensions.Collections\Cosmos.Extensions.Collections.csproj", "{928B0BA7-EE48-4E0E-87D4-E2607ACA223A}"
EndProject
Project("{9A19103F-16F7-4668-BE54-9A1E7A4F7556}") = "Cosmos.Test.ScannerTest1", "test\Cosmos.Test.ScannerTest1\Cosmos.Test.ScannerTest1.csproj", "{1667499C-E0B6-4E96-BF55-26F2C456E2FD}"
EndProject
Project("{9A19103F-16F7-4668-BE54-9A1E7A4F7556}") = "Cosmos.Test.ScannerTest2", "test\Cosmos.Test.ScannerTest2\Cosmos.Test.ScannerTest2.csproj", "{6B1BFE6F-D75F-4959-9B51-D0E17019912E}"
EndProject
Project("{9A19103F-16F7-4668-BE54-9A1E7A4F7556}") = "Cosmos.Test.ScannerTestEntry", "test\Cosmos.Test.ScannerTestEntry\Cosmos.Test.ScannerTestEntry.csproj", "{749A5F2F-8769-4FE9-9485-44999D813BA5}"
EndProject
Project("{9A19103F-16F7-4668-BE54-9A1E7A4F7556}") = "Cosmos.Test.ScannerTest0", "test\Cosmos.Test.ScannerTest0\Cosmos.Test.ScannerTest0.csproj", "{99689F56-23DE-42F3-8797-137D7B77D613}"
EndProject
Project("{9A19103F-16F7-4668-BE54-9A1E7A4F7556}") = "Cosmos.Extensions.Asyncs", "src\Cosmos.Extensions.Asyncs\Cosmos.Extensions.Asyncs.csproj", "{324B2399-958B-4E6B-90AF-4FD51DEB7681}"
EndProject
Project("{2150E333-8FDC-42A3-9474-1A3956D46DE8}") = "src-extra", "src-extra", "{FD9EB5B3-126F-4139-9CDE-DAAE0D0AC1FC}"
EndProject
Project("{2150E333-8FDC-42A3-9474-1A3956D46DE8}") = "dependency", "dependency", "{0C6B14E0-AB7B-43B6-8163-A463179522AC}"
EndProject
Project("{2150E333-8FDC-42A3-9474-1A3956D46DE8}") = "serialization", "serialization", "{2C6D7C1C-E3B8-46FC-BAAF-86B77F55A327}"
EndProject
Project("{2150E333-8FDC-42A3-9474-1A3956D46DE8}") = "src", "src", "{E4F33DAC-3726-4246-A0B0-7E1167025AC5}"
EndProject
Project("{2150E333-8FDC-42A3-9474-1A3956D46DE8}") = "src", "src", "{87D7302C-14EA-46B4-9324-0E42E39C100D}"
EndProject
Project("{9A19103F-16F7-4668-BE54-9A1E7A4F7556}") = "Cosmos.Extensions.AspectCoreInjector", "extra\dependency\src\Cosmos.Extensions.AspectCoreInjector\Cosmos.Extensions.AspectCoreInjector.csproj", "{924B899A-F15F-4147-BD9C-C30A8D7AFF35}"
EndProject
Project("{9A19103F-16F7-4668-BE54-9A1E7A4F7556}") = "Cosmos.Extensions.Autofac", "extra\dependency\src\Cosmos.Extensions.Autofac\Cosmos.Extensions.Autofac.csproj", "{9605BF73-97AC-4453-AAA6-18549CC3C11D}"
EndProject
Project("{9A19103F-16F7-4668-BE54-9A1E7A4F7556}") = "Cosmos.Extensions.DependencyInjection", "extra\dependency\src\Cosmos.Extensions.DependencyInjection\Cosmos.Extensions.DependencyInjection.csproj", "{2ABA6A49-694B-495E-915E-F0CA1E3F9ED5}"
EndProject
Project("{9A19103F-16F7-4668-BE54-9A1E7A4F7556}") = "Cosmos.Serialization.Jil", "extra\serialization\src\Cosmos.Serialization.Jil\Cosmos.Serialization.Jil.csproj", "{25824020-4BBD-4A85-B231-03F7A574B25F}"
EndProject
Project("{9A19103F-16F7-4668-BE54-9A1E7A4F7556}") = "Cosmos.Serialization.Lit", "extra\serialization\src\Cosmos.Serialization.Lit\Cosmos.Serialization.Lit.csproj", "{929BFD66-51BF-4A7B-A7F2-5E4C051246CF}"
EndProject
Project("{9A19103F-16F7-4668-BE54-9A1E7A4F7556}") = "Cosmos.Serialization.MessagePack", "extra\serialization\src\Cosmos.Serialization.MessagePack\Cosmos.Serialization.MessagePack.csproj", "{E9948428-F879-4134-B3F6-816E6FF32457}"
EndProject
Project("{9A19103F-16F7-4668-BE54-9A1E7A4F7556}") = "Cosmos.Serialization.Protobuf", "extra\serialization\src\Cosmos.Serialization.Protobuf\Cosmos.Serialization.Protobuf.csproj", "{1CE6B7FA-2C1C-4955-933A-712077E66658}"
EndProject
Project("{9A19103F-16F7-4668-BE54-9A1E7A4F7556}") = "Cosmos.Serialization.Swifter", "extra\serialization\src\Cosmos.Serialization.Swifter\Cosmos.Serialization.Swifter.csproj", "{F971CFB9-8912-459D-A119-87FFA0EEA85C}"
EndProject
Project("{9A19103F-16F7-4668-BE54-9A1E7A4F7556}") = "Cosmos.Serialization.Xml", "extra\serialization\src\Cosmos.Serialization.Xml\Cosmos.Serialization.Xml.csproj", "{5EEB9EA2-A23C-4DFA-9232-6925AE114C69}"
EndProject
Project("{2150E333-8FDC-42A3-9474-1A3956D46DE8}") = "http", "http", "{B41AC50F-BA96-4E63-B231-67DE42C033BF}"
EndProject
Project("{2150E333-8FDC-42A3-9474-1A3956D46DE8}") = "src", "src", "{F6E783B6-4DBE-47B2-8D01-C0C98C50D9B3}"
EndProject
Project("{9A19103F-16F7-4668-BE54-9A1E7A4F7556}") = "Cosmos.Extensions.Http", "extra\http\src\Cosmos.Extensions.Http\Cosmos.Extensions.Http.csproj", "{DDE555C8-09CB-4BC2-AF43-7DAEE5F3B04D}"
EndProject
Project("{9A19103F-16F7-4668-BE54-9A1E7A4F7556}") = "Cosmos.Serialization.KoobooJson", "extra\serialization\src\Cosmos.Serialization.KoobooJson\Cosmos.Serialization.KoobooJson.csproj", "{FAEB44ED-DAED-4417-911E-567C9EE79453}"
EndProject
Project("{9A19103F-16F7-4668-BE54-9A1E7A4F7556}") = "Cosmos.Tests.DateTimeTests", "test\Cosmos.Tests.DateTimeTests\Cosmos.Tests.DateTimeTests.csproj", "{BAD239AF-A603-47C5-B088-1C97A09BC67F}"
EndProject
Project("{9A19103F-16F7-4668-BE54-9A1E7A4F7556}") = "Cosmos.Tests.GuavaTests", "test\Cosmos.Tests.GuavaTests\Cosmos.Tests.GuavaTests.csproj", "{0CB6F0EB-576A-4416-8223-F3865A7970BE}"
EndProject
Project("{FAE04EC0-301F-11D3-BF4B-00C04F79EFBC}") = "Cosmos.Extensions.Reflection", "src\Cosmos.Extensions.Reflection\Cosmos.Extensions.Reflection.csproj", "{5542C90C-367D-4327-BB7A-A01ACA2A2949}"
EndProject
Project("{FAE04EC0-301F-11D3-BF4B-00C04F79EFBC}") = "Cosmos.Serialization.MicrosoftJson", "extra\serialization\src\Cosmos.Serialization.MicrosoftJson\Cosmos.Serialization.MicrosoftJson.csproj", "{F1F0FF53-D295-41FA-83DB-3BC0952362F8}"
EndProject
Project("{FAE04EC0-301F-11D3-BF4B-00C04F79EFBC}") = "Cosmos.Serialization.NewtonsoftJson", "extra\serialization\src\Cosmos.Serialization.NewtonsoftJson\Cosmos.Serialization.NewtonsoftJson.csproj", "{F67EA85A-1383-4357-B889-3E61AB071C5D}"
EndProject
Project("{FAE04EC0-301F-11D3-BF4B-00C04F79EFBC}") = "Cosmos.Serialization.Utf8Json", "extra\serialization\src\Cosmos.Serialization.Utf8Json\Cosmos.Serialization.Utf8Json.csproj", "{045C90F9-0CCC-4F14-9036-1D75BF471644}"
EndProject
Project("{FAE04EC0-301F-11D3-BF4B-00C04F79EFBC}") = "Cosmos.Serialization.ZeroFormatter", "extra\serialization\src\Cosmos.Serialization.ZeroFormatter\Cosmos.Serialization.ZeroFormatter.csproj", "{D0650990-2F23-4842-A144-A5E5203AF73C}"
EndProject
Project("{FAE04EC0-301F-11D3-BF4B-00C04F79EFBC}") = "Cosmos.Serialization.Binary", "extra\serialization\src\Cosmos.Serialization.Binary\Cosmos.Serialization.Binary.csproj", "{3818488E-BE60-4648-B4DA-27F1D9D04AAD}"
EndProject
Project("{FAE04EC0-301F-11D3-BF4B-00C04F79EFBC}") = "Cosmos.Serialization.MsgPackCli", "extra\serialization\src\Cosmos.Serialization.MsgPackCli\Cosmos.Serialization.MsgPackCli.csproj", "{C9B52940-C846-4B4F-B8A0-7AE2939D4332}"
EndProject
Project("{2150E333-8FDC-42A3-9474-1A3956D46DE8}") = "tests", "tests", "{66C97C79-C2AE-49DD-8622-CAC7DD71F21B}"
EndProject
Project("{FAE04EC0-301F-11D3-BF4B-00C04F79EFBC}") = "Cosmos.Test.Serialization.BinaryTest", "extra\serialization\tests\Cosmos.Test.Serialization.BinaryTest\Cosmos.Test.Serialization.BinaryTest.csproj", "{9A9BC5DC-B7A4-4A5D-963A-3B833C906EAD}"
EndProject
Project("{FAE04EC0-301F-11D3-BF4B-00C04F79EFBC}") = "Cosmos.Test.Serialization.JilTest", "extra\serialization\tests\Cosmos.Test.Serialization.JilTest\Cosmos.Test.Serialization.JilTest.csproj", "{04E4A10D-12D8-4A8C-8134-4D1D3DFB6426}"
EndProject
Project("{FAE04EC0-301F-11D3-BF4B-00C04F79EFBC}") = "Cosmos.Test.Serialization.KoobooTest", "extra\serialization\tests\Cosmos.Test.Serialization.KoobooTest\Cosmos.Test.Serialization.KoobooTest.csproj", "{A2CADF38-F47B-4FA0-8B9B-41A9CD87BBB4}"
EndProject
Project("{FAE04EC0-301F-11D3-BF4B-00C04F79EFBC}") = "Cosmos.Test.Serialization.LitTest", "extra\serialization\tests\Cosmos.Test.Serialization.LitTest\Cosmos.Test.Serialization.LitTest.csproj", "{0372C202-04B7-4680-96E5-7E9B9A69FE6B}"
EndProject
Project("{FAE04EC0-301F-11D3-BF4B-00C04F79EFBC}") = "Cosmos.Test.Serialization.NewtonsoftTest", "extra\serialization\tests\Cosmos.Test.Serialization.NewtonsoftTest\Cosmos.Test.Serialization.NewtonsoftTest.csproj", "{2E284A63-6517-4D12-8BCE-6C4A10C99EB5}"
EndProject
Project("{FAE04EC0-301F-11D3-BF4B-00C04F79EFBC}") = "Cosmos.Test.Serialization.MicrosoftJsonTest", "extra\serialization\tests\Cosmos.Test.Serialization.MicrosoftJsonTest\Cosmos.Test.Serialization.MicrosoftJsonTest.csproj", "{7B8DD66A-9514-41FA-83AC-A516B08FDFF0}"
EndProject
Project("{FAE04EC0-301F-11D3-BF4B-00C04F79EFBC}") = "Cosmos.Test.Serialization.SwifterTest", "extra\serialization\tests\Cosmos.Test.Serialization.SwifterTest\Cosmos.Test.Serialization.SwifterTest.csproj", "{03A26E10-89BA-48DA-9823-422D9145EB08}"
EndProject
Project("{FAE04EC0-301F-11D3-BF4B-00C04F79EFBC}") = "Cosmos.Test.Serialization.Utf8JsonTest", "extra\serialization\tests\Cosmos.Test.Serialization.Utf8JsonTest\Cosmos.Test.Serialization.Utf8JsonTest.csproj", "{785BB4F4-1416-4049-9542-74E2A6D08FE3}"
EndProject
Project("{FAE04EC0-301F-11D3-BF4B-00C04F79EFBC}") = "Cosmos.Test.Serialization.ZeroFormatterTest", "extra\serialization\tests\Cosmos.Test.Serialization.ZeroFormatterTest\Cosmos.Test.Serialization.ZeroFormatterTest.csproj", "{5BF01C2B-B424-41E1-A69C-85F394F70F78}"
EndProject
Project("{FAE04EC0-301F-11D3-BF4B-00C04F79EFBC}") = "Cosmos.Test.Serialization.XmlTest", "extra\serialization\tests\Cosmos.Test.Serialization.XmlTest\Cosmos.Test.Serialization.XmlTest.csproj", "{A1A58AEE-4BF2-4F4D-896D-FBEAE4723C95}"
EndProject
Project("{FAE04EC0-301F-11D3-BF4B-00C04F79EFBC}") = "Cosmos.Test.Serialization.ProtobufTest", "extra\serialization\tests\Cosmos.Test.Serialization.ProtobufTest\Cosmos.Test.Serialization.ProtobufTest.csproj", "{DB473305-4C89-4C5F-B7D7-A920094D95F6}"
EndProject
Project("{FAE04EC0-301F-11D3-BF4B-00C04F79EFBC}") = "Cosmos.Test.Serialization.MsgPackCliTest", "extra\serialization\tests\Cosmos.Test.Serialization.MsgPackCliTest\Cosmos.Test.Serialization.MsgPackCliTest.csproj", "{D2C1D2FB-124F-4707-A04A-24EE93FCE192}"
EndProject
Project("{FAE04EC0-301F-11D3-BF4B-00C04F79EFBC}") = "Cosmos.Test.Serialization.MessagePackageTest", "extra\serialization\tests\Cosmos.Test.Serialization.MessagePackageTest\Cosmos.Test.Serialization.MessagePackageTest.csproj", "{9497FE40-9AC8-4F8E-B55B-680DF8DB00AA}"
EndProject
Project("{2150E333-8FDC-42A3-9474-1A3956D46DE8}") = "build", "build", "{F8932762-6701-4DD4-84F4-FC06CBED066E}"
ProjectSection(SolutionItems) = preProject
	extra\dependency\build\common.net461-net451.props = extra\dependency\build\common.net461-net451.props
	extra\dependency\build\common.net461.props = extra\dependency\build\common.net461.props
	extra\dependency\build\common.ns20-net451.props = extra\dependency\build\common.ns20-net451.props
	extra\dependency\build\common.ns20-net461-net451.props = extra\dependency\build\common.ns20-net461-net451.props
	extra\dependency\build\common.ns20-net461.props = extra\dependency\build\common.ns20-net461.props
	extra\dependency\build\common.ns20.props = extra\dependency\build\common.ns20.props
	extra\dependency\build\misc.props = extra\dependency\build\misc.props
	extra\dependency\build\package.props = extra\dependency\build\package.props
EndProjectSection
EndProject
Project("{2150E333-8FDC-42A3-9474-1A3956D46DE8}") = "build", "build", "{0A45A6AA-B899-4FED-9027-F350A122B015}"
ProjectSection(SolutionItems) = preProject
	extra\http\build\common.ns20-net451.props = extra\http\build\common.ns20-net451.props
	extra\http\build\package.props = extra\http\build\package.props
	extra\http\build\misc.props = extra\http\build\misc.props
	extra\http\build\common.ns20-net461.props = extra\http\build\common.ns20-net461.props
	extra\http\build\common.ns20-net461-net451.props = extra\http\build\common.ns20-net461-net451.props
	extra\http\build\common.net461-net451.props = extra\http\build\common.net461-net451.props
	extra\http\build\common.net461.props = extra\http\build\common.net461.props
	extra\http\build\common.ns20.props = extra\http\build\common.ns20.props
EndProjectSection
EndProject
Project("{2150E333-8FDC-42A3-9474-1A3956D46DE8}") = "build", "build", "{61FD55B4-1F7B-43DE-8126-15D926E633BE}"
ProjectSection(SolutionItems) = preProject
	extra\serialization\build\misc.props = extra\serialization\build\misc.props
	extra\serialization\build\common.ns20.props = extra\serialization\build\common.ns20.props
	extra\serialization\build\package.props = extra\serialization\build\package.props
	extra\serialization\build\common.ns20-net461.props = extra\serialization\build\common.ns20-net461.props
	extra\serialization\build\common.ns20-net451.props = extra\serialization\build\common.ns20-net451.props
	extra\serialization\build\common.net461-net451.props = extra\serialization\build\common.net461-net451.props
	extra\serialization\build\common.net461.props = extra\serialization\build\common.net461.props
	extra\serialization\build\common.ns20-net461-net451.props = extra\serialization\build\common.ns20-net461-net451.props
EndProjectSection
EndProject
Global
	GlobalSection(SolutionConfigurationPlatforms) = preSolution
		Debug|Any CPU = Debug|Any CPU
		Release|Any CPU = Release|Any CPU
	EndGlobalSection
	GlobalSection(ProjectConfigurationPlatforms) = postSolution
		{8FE469B4-1086-4708-8CF4-5CCF6645EB20}.Debug|Any CPU.ActiveCfg = Debug|Any CPU
		{8FE469B4-1086-4708-8CF4-5CCF6645EB20}.Debug|Any CPU.Build.0 = Debug|Any CPU
		{8FE469B4-1086-4708-8CF4-5CCF6645EB20}.Release|Any CPU.ActiveCfg = Release|Any CPU
		{8FE469B4-1086-4708-8CF4-5CCF6645EB20}.Release|Any CPU.Build.0 = Release|Any CPU
		{FEFFEF83-5011-490B-8E0D-9FBE516FCE7D}.Debug|Any CPU.ActiveCfg = Debug|Any CPU
		{FEFFEF83-5011-490B-8E0D-9FBE516FCE7D}.Debug|Any CPU.Build.0 = Debug|Any CPU
		{FEFFEF83-5011-490B-8E0D-9FBE516FCE7D}.Release|Any CPU.ActiveCfg = Release|Any CPU
		{FEFFEF83-5011-490B-8E0D-9FBE516FCE7D}.Release|Any CPU.Build.0 = Release|Any CPU
		{519B9916-5BC9-4AEC-829A-F117BB559197}.Debug|Any CPU.ActiveCfg = Debug|Any CPU
		{519B9916-5BC9-4AEC-829A-F117BB559197}.Debug|Any CPU.Build.0 = Debug|Any CPU
		{519B9916-5BC9-4AEC-829A-F117BB559197}.Release|Any CPU.ActiveCfg = Release|Any CPU
		{519B9916-5BC9-4AEC-829A-F117BB559197}.Release|Any CPU.Build.0 = Release|Any CPU
		{CB6A93EA-344E-4D4E-B268-4F0181BAC009}.Debug|Any CPU.ActiveCfg = Debug|Any CPU
		{CB6A93EA-344E-4D4E-B268-4F0181BAC009}.Debug|Any CPU.Build.0 = Debug|Any CPU
		{CB6A93EA-344E-4D4E-B268-4F0181BAC009}.Release|Any CPU.ActiveCfg = Release|Any CPU
		{CB6A93EA-344E-4D4E-B268-4F0181BAC009}.Release|Any CPU.Build.0 = Release|Any CPU
		{85C2BF3F-F1A4-44DA-90E5-2B8328C8DB8F}.Debug|Any CPU.ActiveCfg = Debug|Any CPU
		{85C2BF3F-F1A4-44DA-90E5-2B8328C8DB8F}.Debug|Any CPU.Build.0 = Debug|Any CPU
		{85C2BF3F-F1A4-44DA-90E5-2B8328C8DB8F}.Release|Any CPU.ActiveCfg = Release|Any CPU
		{85C2BF3F-F1A4-44DA-90E5-2B8328C8DB8F}.Release|Any CPU.Build.0 = Release|Any CPU
		{0A2CA6C4-A168-460F-BD36-E2BAD2BCE353}.Debug|Any CPU.ActiveCfg = Debug|Any CPU
		{0A2CA6C4-A168-460F-BD36-E2BAD2BCE353}.Debug|Any CPU.Build.0 = Debug|Any CPU
		{0A2CA6C4-A168-460F-BD36-E2BAD2BCE353}.Release|Any CPU.ActiveCfg = Release|Any CPU
		{0A2CA6C4-A168-460F-BD36-E2BAD2BCE353}.Release|Any CPU.Build.0 = Release|Any CPU
		{890A95AB-C6F1-465D-AC11-5B9EEE712318}.Debug|Any CPU.ActiveCfg = Debug|Any CPU
		{890A95AB-C6F1-465D-AC11-5B9EEE712318}.Debug|Any CPU.Build.0 = Debug|Any CPU
		{890A95AB-C6F1-465D-AC11-5B9EEE712318}.Release|Any CPU.ActiveCfg = Release|Any CPU
		{890A95AB-C6F1-465D-AC11-5B9EEE712318}.Release|Any CPU.Build.0 = Release|Any CPU
		{A74DA34D-0340-434D-9FF0-190F7E61BA99}.Debug|Any CPU.ActiveCfg = Debug|Any CPU
		{A74DA34D-0340-434D-9FF0-190F7E61BA99}.Debug|Any CPU.Build.0 = Debug|Any CPU
		{A74DA34D-0340-434D-9FF0-190F7E61BA99}.Release|Any CPU.ActiveCfg = Release|Any CPU
		{A74DA34D-0340-434D-9FF0-190F7E61BA99}.Release|Any CPU.Build.0 = Release|Any CPU
		{928B0BA7-EE48-4E0E-87D4-E2607ACA223A}.Debug|Any CPU.ActiveCfg = Debug|Any CPU
		{928B0BA7-EE48-4E0E-87D4-E2607ACA223A}.Debug|Any CPU.Build.0 = Debug|Any CPU
		{928B0BA7-EE48-4E0E-87D4-E2607ACA223A}.Release|Any CPU.ActiveCfg = Release|Any CPU
		{928B0BA7-EE48-4E0E-87D4-E2607ACA223A}.Release|Any CPU.Build.0 = Release|Any CPU
		{1667499C-E0B6-4E96-BF55-26F2C456E2FD}.Debug|Any CPU.ActiveCfg = Debug|Any CPU
		{1667499C-E0B6-4E96-BF55-26F2C456E2FD}.Debug|Any CPU.Build.0 = Debug|Any CPU
		{1667499C-E0B6-4E96-BF55-26F2C456E2FD}.Release|Any CPU.ActiveCfg = Release|Any CPU
		{1667499C-E0B6-4E96-BF55-26F2C456E2FD}.Release|Any CPU.Build.0 = Release|Any CPU
		{6B1BFE6F-D75F-4959-9B51-D0E17019912E}.Debug|Any CPU.ActiveCfg = Debug|Any CPU
		{6B1BFE6F-D75F-4959-9B51-D0E17019912E}.Debug|Any CPU.Build.0 = Debug|Any CPU
		{6B1BFE6F-D75F-4959-9B51-D0E17019912E}.Release|Any CPU.ActiveCfg = Release|Any CPU
		{6B1BFE6F-D75F-4959-9B51-D0E17019912E}.Release|Any CPU.Build.0 = Release|Any CPU
		{749A5F2F-8769-4FE9-9485-44999D813BA5}.Debug|Any CPU.ActiveCfg = Debug|Any CPU
		{749A5F2F-8769-4FE9-9485-44999D813BA5}.Debug|Any CPU.Build.0 = Debug|Any CPU
		{749A5F2F-8769-4FE9-9485-44999D813BA5}.Release|Any CPU.ActiveCfg = Release|Any CPU
		{749A5F2F-8769-4FE9-9485-44999D813BA5}.Release|Any CPU.Build.0 = Release|Any CPU
		{99689F56-23DE-42F3-8797-137D7B77D613}.Debug|Any CPU.ActiveCfg = Debug|Any CPU
		{99689F56-23DE-42F3-8797-137D7B77D613}.Debug|Any CPU.Build.0 = Debug|Any CPU
		{99689F56-23DE-42F3-8797-137D7B77D613}.Release|Any CPU.ActiveCfg = Release|Any CPU
		{99689F56-23DE-42F3-8797-137D7B77D613}.Release|Any CPU.Build.0 = Release|Any CPU
		{324B2399-958B-4E6B-90AF-4FD51DEB7681}.Debug|Any CPU.ActiveCfg = Debug|Any CPU
		{324B2399-958B-4E6B-90AF-4FD51DEB7681}.Debug|Any CPU.Build.0 = Debug|Any CPU
		{324B2399-958B-4E6B-90AF-4FD51DEB7681}.Release|Any CPU.ActiveCfg = Release|Any CPU
		{324B2399-958B-4E6B-90AF-4FD51DEB7681}.Release|Any CPU.Build.0 = Release|Any CPU
		{924B899A-F15F-4147-BD9C-C30A8D7AFF35}.Debug|Any CPU.ActiveCfg = Debug|Any CPU
		{924B899A-F15F-4147-BD9C-C30A8D7AFF35}.Debug|Any CPU.Build.0 = Debug|Any CPU
		{924B899A-F15F-4147-BD9C-C30A8D7AFF35}.Release|Any CPU.ActiveCfg = Release|Any CPU
		{924B899A-F15F-4147-BD9C-C30A8D7AFF35}.Release|Any CPU.Build.0 = Release|Any CPU
		{9605BF73-97AC-4453-AAA6-18549CC3C11D}.Debug|Any CPU.ActiveCfg = Debug|Any CPU
		{9605BF73-97AC-4453-AAA6-18549CC3C11D}.Debug|Any CPU.Build.0 = Debug|Any CPU
		{9605BF73-97AC-4453-AAA6-18549CC3C11D}.Release|Any CPU.ActiveCfg = Release|Any CPU
		{9605BF73-97AC-4453-AAA6-18549CC3C11D}.Release|Any CPU.Build.0 = Release|Any CPU
		{2ABA6A49-694B-495E-915E-F0CA1E3F9ED5}.Debug|Any CPU.ActiveCfg = Debug|Any CPU
		{2ABA6A49-694B-495E-915E-F0CA1E3F9ED5}.Debug|Any CPU.Build.0 = Debug|Any CPU
		{2ABA6A49-694B-495E-915E-F0CA1E3F9ED5}.Release|Any CPU.ActiveCfg = Release|Any CPU
		{2ABA6A49-694B-495E-915E-F0CA1E3F9ED5}.Release|Any CPU.Build.0 = Release|Any CPU
		{25824020-4BBD-4A85-B231-03F7A574B25F}.Debug|Any CPU.ActiveCfg = Debug|Any CPU
		{25824020-4BBD-4A85-B231-03F7A574B25F}.Debug|Any CPU.Build.0 = Debug|Any CPU
		{25824020-4BBD-4A85-B231-03F7A574B25F}.Release|Any CPU.ActiveCfg = Release|Any CPU
		{25824020-4BBD-4A85-B231-03F7A574B25F}.Release|Any CPU.Build.0 = Release|Any CPU
		{929BFD66-51BF-4A7B-A7F2-5E4C051246CF}.Debug|Any CPU.ActiveCfg = Debug|Any CPU
		{929BFD66-51BF-4A7B-A7F2-5E4C051246CF}.Debug|Any CPU.Build.0 = Debug|Any CPU
		{929BFD66-51BF-4A7B-A7F2-5E4C051246CF}.Release|Any CPU.ActiveCfg = Release|Any CPU
		{929BFD66-51BF-4A7B-A7F2-5E4C051246CF}.Release|Any CPU.Build.0 = Release|Any CPU
		{E9948428-F879-4134-B3F6-816E6FF32457}.Debug|Any CPU.ActiveCfg = Debug|Any CPU
		{E9948428-F879-4134-B3F6-816E6FF32457}.Debug|Any CPU.Build.0 = Debug|Any CPU
		{E9948428-F879-4134-B3F6-816E6FF32457}.Release|Any CPU.ActiveCfg = Release|Any CPU
		{E9948428-F879-4134-B3F6-816E6FF32457}.Release|Any CPU.Build.0 = Release|Any CPU
		{1CE6B7FA-2C1C-4955-933A-712077E66658}.Debug|Any CPU.ActiveCfg = Debug|Any CPU
		{1CE6B7FA-2C1C-4955-933A-712077E66658}.Debug|Any CPU.Build.0 = Debug|Any CPU
		{1CE6B7FA-2C1C-4955-933A-712077E66658}.Release|Any CPU.ActiveCfg = Release|Any CPU
		{1CE6B7FA-2C1C-4955-933A-712077E66658}.Release|Any CPU.Build.0 = Release|Any CPU
		{F971CFB9-8912-459D-A119-87FFA0EEA85C}.Debug|Any CPU.ActiveCfg = Debug|Any CPU
		{F971CFB9-8912-459D-A119-87FFA0EEA85C}.Debug|Any CPU.Build.0 = Debug|Any CPU
		{F971CFB9-8912-459D-A119-87FFA0EEA85C}.Release|Any CPU.ActiveCfg = Release|Any CPU
		{F971CFB9-8912-459D-A119-87FFA0EEA85C}.Release|Any CPU.Build.0 = Release|Any CPU
		{5EEB9EA2-A23C-4DFA-9232-6925AE114C69}.Debug|Any CPU.ActiveCfg = Debug|Any CPU
		{5EEB9EA2-A23C-4DFA-9232-6925AE114C69}.Debug|Any CPU.Build.0 = Debug|Any CPU
		{5EEB9EA2-A23C-4DFA-9232-6925AE114C69}.Release|Any CPU.ActiveCfg = Release|Any CPU
		{5EEB9EA2-A23C-4DFA-9232-6925AE114C69}.Release|Any CPU.Build.0 = Release|Any CPU
		{DDE555C8-09CB-4BC2-AF43-7DAEE5F3B04D}.Debug|Any CPU.ActiveCfg = Debug|Any CPU
		{DDE555C8-09CB-4BC2-AF43-7DAEE5F3B04D}.Debug|Any CPU.Build.0 = Debug|Any CPU
		{DDE555C8-09CB-4BC2-AF43-7DAEE5F3B04D}.Release|Any CPU.ActiveCfg = Release|Any CPU
		{DDE555C8-09CB-4BC2-AF43-7DAEE5F3B04D}.Release|Any CPU.Build.0 = Release|Any CPU
		{FAEB44ED-DAED-4417-911E-567C9EE79453}.Debug|Any CPU.ActiveCfg = Debug|Any CPU
		{FAEB44ED-DAED-4417-911E-567C9EE79453}.Debug|Any CPU.Build.0 = Debug|Any CPU
		{FAEB44ED-DAED-4417-911E-567C9EE79453}.Release|Any CPU.ActiveCfg = Release|Any CPU
		{FAEB44ED-DAED-4417-911E-567C9EE79453}.Release|Any CPU.Build.0 = Release|Any CPU
		{BAD239AF-A603-47C5-B088-1C97A09BC67F}.Debug|Any CPU.ActiveCfg = Debug|Any CPU
		{BAD239AF-A603-47C5-B088-1C97A09BC67F}.Debug|Any CPU.Build.0 = Debug|Any CPU
		{BAD239AF-A603-47C5-B088-1C97A09BC67F}.Release|Any CPU.ActiveCfg = Release|Any CPU
		{BAD239AF-A603-47C5-B088-1C97A09BC67F}.Release|Any CPU.Build.0 = Release|Any CPU
		{0CB6F0EB-576A-4416-8223-F3865A7970BE}.Debug|Any CPU.ActiveCfg = Debug|Any CPU
		{0CB6F0EB-576A-4416-8223-F3865A7970BE}.Debug|Any CPU.Build.0 = Debug|Any CPU
		{0CB6F0EB-576A-4416-8223-F3865A7970BE}.Release|Any CPU.ActiveCfg = Release|Any CPU
		{0CB6F0EB-576A-4416-8223-F3865A7970BE}.Release|Any CPU.Build.0 = Release|Any CPU
		{5542C90C-367D-4327-BB7A-A01ACA2A2949}.Debug|Any CPU.ActiveCfg = Debug|Any CPU
		{5542C90C-367D-4327-BB7A-A01ACA2A2949}.Debug|Any CPU.Build.0 = Debug|Any CPU
		{5542C90C-367D-4327-BB7A-A01ACA2A2949}.Release|Any CPU.ActiveCfg = Release|Any CPU
		{5542C90C-367D-4327-BB7A-A01ACA2A2949}.Release|Any CPU.Build.0 = Release|Any CPU
		{F1F0FF53-D295-41FA-83DB-3BC0952362F8}.Debug|Any CPU.ActiveCfg = Debug|Any CPU
		{F1F0FF53-D295-41FA-83DB-3BC0952362F8}.Debug|Any CPU.Build.0 = Debug|Any CPU
		{F1F0FF53-D295-41FA-83DB-3BC0952362F8}.Release|Any CPU.ActiveCfg = Release|Any CPU
		{F1F0FF53-D295-41FA-83DB-3BC0952362F8}.Release|Any CPU.Build.0 = Release|Any CPU
		{F67EA85A-1383-4357-B889-3E61AB071C5D}.Debug|Any CPU.ActiveCfg = Debug|Any CPU
		{F67EA85A-1383-4357-B889-3E61AB071C5D}.Debug|Any CPU.Build.0 = Debug|Any CPU
		{F67EA85A-1383-4357-B889-3E61AB071C5D}.Release|Any CPU.ActiveCfg = Release|Any CPU
		{F67EA85A-1383-4357-B889-3E61AB071C5D}.Release|Any CPU.Build.0 = Release|Any CPU
		{045C90F9-0CCC-4F14-9036-1D75BF471644}.Debug|Any CPU.ActiveCfg = Debug|Any CPU
		{045C90F9-0CCC-4F14-9036-1D75BF471644}.Debug|Any CPU.Build.0 = Debug|Any CPU
		{045C90F9-0CCC-4F14-9036-1D75BF471644}.Release|Any CPU.ActiveCfg = Release|Any CPU
		{045C90F9-0CCC-4F14-9036-1D75BF471644}.Release|Any CPU.Build.0 = Release|Any CPU
		{D0650990-2F23-4842-A144-A5E5203AF73C}.Debug|Any CPU.ActiveCfg = Debug|Any CPU
		{D0650990-2F23-4842-A144-A5E5203AF73C}.Debug|Any CPU.Build.0 = Debug|Any CPU
		{D0650990-2F23-4842-A144-A5E5203AF73C}.Release|Any CPU.ActiveCfg = Release|Any CPU
		{D0650990-2F23-4842-A144-A5E5203AF73C}.Release|Any CPU.Build.0 = Release|Any CPU
		{3818488E-BE60-4648-B4DA-27F1D9D04AAD}.Debug|Any CPU.ActiveCfg = Debug|Any CPU
		{3818488E-BE60-4648-B4DA-27F1D9D04AAD}.Debug|Any CPU.Build.0 = Debug|Any CPU
		{3818488E-BE60-4648-B4DA-27F1D9D04AAD}.Release|Any CPU.ActiveCfg = Release|Any CPU
		{3818488E-BE60-4648-B4DA-27F1D9D04AAD}.Release|Any CPU.Build.0 = Release|Any CPU
		{C9B52940-C846-4B4F-B8A0-7AE2939D4332}.Debug|Any CPU.ActiveCfg = Debug|Any CPU
		{C9B52940-C846-4B4F-B8A0-7AE2939D4332}.Debug|Any CPU.Build.0 = Debug|Any CPU
		{C9B52940-C846-4B4F-B8A0-7AE2939D4332}.Release|Any CPU.ActiveCfg = Release|Any CPU
		{C9B52940-C846-4B4F-B8A0-7AE2939D4332}.Release|Any CPU.Build.0 = Release|Any CPU
		{9A9BC5DC-B7A4-4A5D-963A-3B833C906EAD}.Debug|Any CPU.ActiveCfg = Debug|Any CPU
		{9A9BC5DC-B7A4-4A5D-963A-3B833C906EAD}.Debug|Any CPU.Build.0 = Debug|Any CPU
		{9A9BC5DC-B7A4-4A5D-963A-3B833C906EAD}.Release|Any CPU.ActiveCfg = Release|Any CPU
		{9A9BC5DC-B7A4-4A5D-963A-3B833C906EAD}.Release|Any CPU.Build.0 = Release|Any CPU
		{04E4A10D-12D8-4A8C-8134-4D1D3DFB6426}.Debug|Any CPU.ActiveCfg = Debug|Any CPU
		{04E4A10D-12D8-4A8C-8134-4D1D3DFB6426}.Debug|Any CPU.Build.0 = Debug|Any CPU
		{04E4A10D-12D8-4A8C-8134-4D1D3DFB6426}.Release|Any CPU.ActiveCfg = Release|Any CPU
		{04E4A10D-12D8-4A8C-8134-4D1D3DFB6426}.Release|Any CPU.Build.0 = Release|Any CPU
		{A2CADF38-F47B-4FA0-8B9B-41A9CD87BBB4}.Debug|Any CPU.ActiveCfg = Debug|Any CPU
		{A2CADF38-F47B-4FA0-8B9B-41A9CD87BBB4}.Debug|Any CPU.Build.0 = Debug|Any CPU
		{A2CADF38-F47B-4FA0-8B9B-41A9CD87BBB4}.Release|Any CPU.ActiveCfg = Release|Any CPU
		{A2CADF38-F47B-4FA0-8B9B-41A9CD87BBB4}.Release|Any CPU.Build.0 = Release|Any CPU
		{0372C202-04B7-4680-96E5-7E9B9A69FE6B}.Debug|Any CPU.ActiveCfg = Debug|Any CPU
		{0372C202-04B7-4680-96E5-7E9B9A69FE6B}.Debug|Any CPU.Build.0 = Debug|Any CPU
		{0372C202-04B7-4680-96E5-7E9B9A69FE6B}.Release|Any CPU.ActiveCfg = Release|Any CPU
		{0372C202-04B7-4680-96E5-7E9B9A69FE6B}.Release|Any CPU.Build.0 = Release|Any CPU
		{2E284A63-6517-4D12-8BCE-6C4A10C99EB5}.Debug|Any CPU.ActiveCfg = Debug|Any CPU
		{2E284A63-6517-4D12-8BCE-6C4A10C99EB5}.Debug|Any CPU.Build.0 = Debug|Any CPU
		{2E284A63-6517-4D12-8BCE-6C4A10C99EB5}.Release|Any CPU.ActiveCfg = Release|Any CPU
		{2E284A63-6517-4D12-8BCE-6C4A10C99EB5}.Release|Any CPU.Build.0 = Release|Any CPU
		{7B8DD66A-9514-41FA-83AC-A516B08FDFF0}.Debug|Any CPU.ActiveCfg = Debug|Any CPU
		{7B8DD66A-9514-41FA-83AC-A516B08FDFF0}.Debug|Any CPU.Build.0 = Debug|Any CPU
		{7B8DD66A-9514-41FA-83AC-A516B08FDFF0}.Release|Any CPU.ActiveCfg = Release|Any CPU
		{7B8DD66A-9514-41FA-83AC-A516B08FDFF0}.Release|Any CPU.Build.0 = Release|Any CPU
		{03A26E10-89BA-48DA-9823-422D9145EB08}.Debug|Any CPU.ActiveCfg = Debug|Any CPU
		{03A26E10-89BA-48DA-9823-422D9145EB08}.Debug|Any CPU.Build.0 = Debug|Any CPU
		{03A26E10-89BA-48DA-9823-422D9145EB08}.Release|Any CPU.ActiveCfg = Release|Any CPU
		{03A26E10-89BA-48DA-9823-422D9145EB08}.Release|Any CPU.Build.0 = Release|Any CPU
		{785BB4F4-1416-4049-9542-74E2A6D08FE3}.Debug|Any CPU.ActiveCfg = Debug|Any CPU
		{785BB4F4-1416-4049-9542-74E2A6D08FE3}.Debug|Any CPU.Build.0 = Debug|Any CPU
		{785BB4F4-1416-4049-9542-74E2A6D08FE3}.Release|Any CPU.ActiveCfg = Release|Any CPU
		{785BB4F4-1416-4049-9542-74E2A6D08FE3}.Release|Any CPU.Build.0 = Release|Any CPU
		{5BF01C2B-B424-41E1-A69C-85F394F70F78}.Debug|Any CPU.ActiveCfg = Debug|Any CPU
		{5BF01C2B-B424-41E1-A69C-85F394F70F78}.Debug|Any CPU.Build.0 = Debug|Any CPU
		{5BF01C2B-B424-41E1-A69C-85F394F70F78}.Release|Any CPU.ActiveCfg = Release|Any CPU
		{5BF01C2B-B424-41E1-A69C-85F394F70F78}.Release|Any CPU.Build.0 = Release|Any CPU
		{A1A58AEE-4BF2-4F4D-896D-FBEAE4723C95}.Debug|Any CPU.ActiveCfg = Debug|Any CPU
		{A1A58AEE-4BF2-4F4D-896D-FBEAE4723C95}.Debug|Any CPU.Build.0 = Debug|Any CPU
		{A1A58AEE-4BF2-4F4D-896D-FBEAE4723C95}.Release|Any CPU.ActiveCfg = Release|Any CPU
		{A1A58AEE-4BF2-4F4D-896D-FBEAE4723C95}.Release|Any CPU.Build.0 = Release|Any CPU
		{DB473305-4C89-4C5F-B7D7-A920094D95F6}.Debug|Any CPU.ActiveCfg = Debug|Any CPU
		{DB473305-4C89-4C5F-B7D7-A920094D95F6}.Debug|Any CPU.Build.0 = Debug|Any CPU
		{DB473305-4C89-4C5F-B7D7-A920094D95F6}.Release|Any CPU.ActiveCfg = Release|Any CPU
		{DB473305-4C89-4C5F-B7D7-A920094D95F6}.Release|Any CPU.Build.0 = Release|Any CPU
		{D2C1D2FB-124F-4707-A04A-24EE93FCE192}.Debug|Any CPU.ActiveCfg = Debug|Any CPU
		{D2C1D2FB-124F-4707-A04A-24EE93FCE192}.Debug|Any CPU.Build.0 = Debug|Any CPU
		{D2C1D2FB-124F-4707-A04A-24EE93FCE192}.Release|Any CPU.ActiveCfg = Release|Any CPU
		{D2C1D2FB-124F-4707-A04A-24EE93FCE192}.Release|Any CPU.Build.0 = Release|Any CPU
		{9497FE40-9AC8-4F8E-B55B-680DF8DB00AA}.Debug|Any CPU.ActiveCfg = Debug|Any CPU
		{9497FE40-9AC8-4F8E-B55B-680DF8DB00AA}.Debug|Any CPU.Build.0 = Debug|Any CPU
		{9497FE40-9AC8-4F8E-B55B-680DF8DB00AA}.Release|Any CPU.ActiveCfg = Release|Any CPU
		{9497FE40-9AC8-4F8E-B55B-680DF8DB00AA}.Release|Any CPU.Build.0 = Release|Any CPU
	EndGlobalSection
	GlobalSection(SolutionProperties) = preSolution
		HideSolutionNode = FALSE
	EndGlobalSection
	GlobalSection(NestedProjects) = preSolution
		{83D0F22B-1ED1-4B88-A18F-DF8CC6385E1F} = {CF634BA0-51EE-4B4A-AB50-5DA72FCD3B6B}
		{8FE469B4-1086-4708-8CF4-5CCF6645EB20} = {BDBDE50C-D11B-4B8B-8349-0B6681CC98FF}
		{FEFFEF83-5011-490B-8E0D-9FBE516FCE7D} = {0F01E2EF-3398-47CB-B5CB-33AF122A1BC7}
		{519B9916-5BC9-4AEC-829A-F117BB559197} = {BDBDE50C-D11B-4B8B-8349-0B6681CC98FF}
		{CB6A93EA-344E-4D4E-B268-4F0181BAC009} = {BDBDE50C-D11B-4B8B-8349-0B6681CC98FF}
		{85C2BF3F-F1A4-44DA-90E5-2B8328C8DB8F} = {BDBDE50C-D11B-4B8B-8349-0B6681CC98FF}
		{890A95AB-C6F1-465D-AC11-5B9EEE712318} = {BDBDE50C-D11B-4B8B-8349-0B6681CC98FF}
		{A74DA34D-0340-434D-9FF0-190F7E61BA99} = {BDBDE50C-D11B-4B8B-8349-0B6681CC98FF}
		{928B0BA7-EE48-4E0E-87D4-E2607ACA223A} = {BDBDE50C-D11B-4B8B-8349-0B6681CC98FF}
		{1667499C-E0B6-4E96-BF55-26F2C456E2FD} = {0F01E2EF-3398-47CB-B5CB-33AF122A1BC7}
		{6B1BFE6F-D75F-4959-9B51-D0E17019912E} = {0F01E2EF-3398-47CB-B5CB-33AF122A1BC7}
		{749A5F2F-8769-4FE9-9485-44999D813BA5} = {0F01E2EF-3398-47CB-B5CB-33AF122A1BC7}
		{99689F56-23DE-42F3-8797-137D7B77D613} = {0F01E2EF-3398-47CB-B5CB-33AF122A1BC7}
		{324B2399-958B-4E6B-90AF-4FD51DEB7681} = {BDBDE50C-D11B-4B8B-8349-0B6681CC98FF}
		{0C6B14E0-AB7B-43B6-8163-A463179522AC} = {FD9EB5B3-126F-4139-9CDE-DAAE0D0AC1FC}
		{2C6D7C1C-E3B8-46FC-BAAF-86B77F55A327} = {FD9EB5B3-126F-4139-9CDE-DAAE0D0AC1FC}
		{E4F33DAC-3726-4246-A0B0-7E1167025AC5} = {0C6B14E0-AB7B-43B6-8163-A463179522AC}
		{87D7302C-14EA-46B4-9324-0E42E39C100D} = {2C6D7C1C-E3B8-46FC-BAAF-86B77F55A327}
		{924B899A-F15F-4147-BD9C-C30A8D7AFF35} = {E4F33DAC-3726-4246-A0B0-7E1167025AC5}
		{9605BF73-97AC-4453-AAA6-18549CC3C11D} = {E4F33DAC-3726-4246-A0B0-7E1167025AC5}
		{2ABA6A49-694B-495E-915E-F0CA1E3F9ED5} = {E4F33DAC-3726-4246-A0B0-7E1167025AC5}
		{25824020-4BBD-4A85-B231-03F7A574B25F} = {87D7302C-14EA-46B4-9324-0E42E39C100D}
		{929BFD66-51BF-4A7B-A7F2-5E4C051246CF} = {87D7302C-14EA-46B4-9324-0E42E39C100D}
		{E9948428-F879-4134-B3F6-816E6FF32457} = {87D7302C-14EA-46B4-9324-0E42E39C100D}
		{1CE6B7FA-2C1C-4955-933A-712077E66658} = {87D7302C-14EA-46B4-9324-0E42E39C100D}
		{F971CFB9-8912-459D-A119-87FFA0EEA85C} = {87D7302C-14EA-46B4-9324-0E42E39C100D}
		{5EEB9EA2-A23C-4DFA-9232-6925AE114C69} = {87D7302C-14EA-46B4-9324-0E42E39C100D}
		{B41AC50F-BA96-4E63-B231-67DE42C033BF} = {FD9EB5B3-126F-4139-9CDE-DAAE0D0AC1FC}
		{F6E783B6-4DBE-47B2-8D01-C0C98C50D9B3} = {B41AC50F-BA96-4E63-B231-67DE42C033BF}
		{DDE555C8-09CB-4BC2-AF43-7DAEE5F3B04D} = {F6E783B6-4DBE-47B2-8D01-C0C98C50D9B3}
		{FAEB44ED-DAED-4417-911E-567C9EE79453} = {87D7302C-14EA-46B4-9324-0E42E39C100D}
		{BAD239AF-A603-47C5-B088-1C97A09BC67F} = {0F01E2EF-3398-47CB-B5CB-33AF122A1BC7}
		{0CB6F0EB-576A-4416-8223-F3865A7970BE} = {0F01E2EF-3398-47CB-B5CB-33AF122A1BC7}
		{5542C90C-367D-4327-BB7A-A01ACA2A2949} = {BDBDE50C-D11B-4B8B-8349-0B6681CC98FF}
		{F1F0FF53-D295-41FA-83DB-3BC0952362F8} = {87D7302C-14EA-46B4-9324-0E42E39C100D}
		{F67EA85A-1383-4357-B889-3E61AB071C5D} = {87D7302C-14EA-46B4-9324-0E42E39C100D}
		{045C90F9-0CCC-4F14-9036-1D75BF471644} = {87D7302C-14EA-46B4-9324-0E42E39C100D}
		{D0650990-2F23-4842-A144-A5E5203AF73C} = {87D7302C-14EA-46B4-9324-0E42E39C100D}
		{3818488E-BE60-4648-B4DA-27F1D9D04AAD} = {87D7302C-14EA-46B4-9324-0E42E39C100D}
		{C9B52940-C846-4B4F-B8A0-7AE2939D4332} = {87D7302C-14EA-46B4-9324-0E42E39C100D}
		{66C97C79-C2AE-49DD-8622-CAC7DD71F21B} = {2C6D7C1C-E3B8-46FC-BAAF-86B77F55A327}
		{9A9BC5DC-B7A4-4A5D-963A-3B833C906EAD} = {66C97C79-C2AE-49DD-8622-CAC7DD71F21B}
		{04E4A10D-12D8-4A8C-8134-4D1D3DFB6426} = {66C97C79-C2AE-49DD-8622-CAC7DD71F21B}
		{A2CADF38-F47B-4FA0-8B9B-41A9CD87BBB4} = {66C97C79-C2AE-49DD-8622-CAC7DD71F21B}
		{0372C202-04B7-4680-96E5-7E9B9A69FE6B} = {66C97C79-C2AE-49DD-8622-CAC7DD71F21B}
		{2E284A63-6517-4D12-8BCE-6C4A10C99EB5} = {66C97C79-C2AE-49DD-8622-CAC7DD71F21B}
		{7B8DD66A-9514-41FA-83AC-A516B08FDFF0} = {66C97C79-C2AE-49DD-8622-CAC7DD71F21B}
		{03A26E10-89BA-48DA-9823-422D9145EB08} = {66C97C79-C2AE-49DD-8622-CAC7DD71F21B}
		{785BB4F4-1416-4049-9542-74E2A6D08FE3} = {66C97C79-C2AE-49DD-8622-CAC7DD71F21B}
		{5BF01C2B-B424-41E1-A69C-85F394F70F78} = {66C97C79-C2AE-49DD-8622-CAC7DD71F21B}
		{A1A58AEE-4BF2-4F4D-896D-FBEAE4723C95} = {66C97C79-C2AE-49DD-8622-CAC7DD71F21B}
		{DB473305-4C89-4C5F-B7D7-A920094D95F6} = {66C97C79-C2AE-49DD-8622-CAC7DD71F21B}
		{D2C1D2FB-124F-4707-A04A-24EE93FCE192} = {66C97C79-C2AE-49DD-8622-CAC7DD71F21B}
		{9497FE40-9AC8-4F8E-B55B-680DF8DB00AA} = {66C97C79-C2AE-49DD-8622-CAC7DD71F21B}
		{F8932762-6701-4DD4-84F4-FC06CBED066E} = {0C6B14E0-AB7B-43B6-8163-A463179522AC}
		{0A45A6AA-B899-4FED-9027-F350A122B015} = {B41AC50F-BA96-4E63-B231-67DE42C033BF}
		{61FD55B4-1F7B-43DE-8126-15D926E633BE} = {2C6D7C1C-E3B8-46FC-BAAF-86B77F55A327}
	EndGlobalSection
	GlobalSection(ExtensibilityGlobals) = postSolution
		SolutionGuid = {D68A6AF5-79FE-4679-AD20-67D6CFCF75B4}
	EndGlobalSection
EndGlobal
