
Microsoft Visual Studio Solution File, Format Version 12.00
# Visual Studio Version 16
VisualStudioVersion = 16.0.28803.202
MinimumVisualStudioVersion = 10.0.40219.1
Project("{2150E333-8FDC-42A3-9474-1A3956D46DE8}") = "src", "src", "{BDBDE50C-D11B-4B8B-8349-0B6681CC98FF}"
EndProject
Project("{2150E333-8FDC-42A3-9474-1A3956D46DE8}") = "Solution Items", "Solution Items", "{CF634BA0-51EE-4B4A-AB50-5DA72FCD3B6B}"
	ProjectSection(SolutionItems) = preProject
		LICENSE = LICENSE
		NuGet.config = NuGet.config
		Publish.bat = Publish.bat
		README.md = README.md
		PublishToMyGet.bat = PublishToMyGet.bat
		PublishToAlexinea.bat = PublishToAlexinea.bat
	EndProjectSection
EndProject
Project("{2150E333-8FDC-42A3-9474-1A3956D46DE8}") = "test", "test", "{0F01E2EF-3398-47CB-B5CB-33AF122A1BC7}"
EndProject
Project("{2150E333-8FDC-42A3-9474-1A3956D46DE8}") = "build", "build", "{83D0F22B-1ED1-4B88-A18F-DF8CC6385E1F}"
	ProjectSection(SolutionItems) = preProject
		build\common.props = build\common.props
		build\version.props = build\version.props
		build\misc.props = build\misc.props
		build\package.props = build\package.props
	EndProjectSection
EndProject
Project("{9A19103F-16F7-4668-BE54-9A1E7A4F7556}") = "Cosmos", "src\Cosmos\Cosmos.csproj", "{8FE469B4-1086-4708-8CF4-5CCF6645EB20}"
EndProject
Project("{9A19103F-16F7-4668-BE54-9A1E7A4F7556}") = "Cosmos.Test", "test\Cosmos.Test\Cosmos.Test.csproj", "{FEFFEF83-5011-490B-8E0D-9FBE516FCE7D}"
EndProject
Project("{9A19103F-16F7-4668-BE54-9A1E7A4F7556}") = "Cosmos.Extensions.DateTime", "src\Cosmos.Extensions.DateTime\Cosmos.Extensions.DateTime.csproj", "{CB6A93EA-344E-4D4E-B268-4F0181BAC009}"
EndProject
Project("{9A19103F-16F7-4668-BE54-9A1E7A4F7556}") = "Cosmos.Extensions.Preconditions", "src\Cosmos.Extensions.Preconditions\Cosmos.Extensions.Preconditions.csproj", "{85C2BF3F-F1A4-44DA-90E5-2B8328C8DB8F}"
EndProject
Project("{9A19103F-16F7-4668-BE54-9A1E7A4F7556}") = "Cosmos.Standard", "src\Cosmos.Standard\Cosmos.Standard.csproj", "{0A2CA6C4-A168-460F-BD36-E2BAD2BCE353}"
EndProject
Project("{9A19103F-16F7-4668-BE54-9A1E7A4F7556}") = "Cosmos.Abstractions", "src\Cosmos.Abstractions\Cosmos.Abstractions.csproj", "{890A95AB-C6F1-465D-AC11-5B9EEE712318}"
EndProject
Project("{9A19103F-16F7-4668-BE54-9A1E7A4F7556}") = "Cosmos.Extensions.Domain", "src\Cosmos.Extensions.Domain\Cosmos.Extensions.Domain.csproj", "{A74DA34D-0340-434D-9FF0-190F7E61BA99}"
EndProject
Project("{9A19103F-16F7-4668-BE54-9A1E7A4F7556}") = "Cosmos.Extensions.Collections", "src\Cosmos.Extensions.Collections\Cosmos.Extensions.Collections.csproj", "{928B0BA7-EE48-4E0E-87D4-E2607ACA223A}"
EndProject
Project("{9A19103F-16F7-4668-BE54-9A1E7A4F7556}") = "Cosmos.Test.ScannerTest1", "test\Cosmos.Test.ScannerTest1\Cosmos.Test.ScannerTest1.csproj", "{1667499C-E0B6-4E96-BF55-26F2C456E2FD}"
EndProject
Project("{9A19103F-16F7-4668-BE54-9A1E7A4F7556}") = "Cosmos.Test.ScannerTest2", "test\Cosmos.Test.ScannerTest2\Cosmos.Test.ScannerTest2.csproj", "{6B1BFE6F-D75F-4959-9B51-D0E17019912E}"
EndProject
Project("{9A19103F-16F7-4668-BE54-9A1E7A4F7556}") = "Cosmos.Test.ScannerTestEntry", "test\Cosmos.Test.ScannerTestEntry\Cosmos.Test.ScannerTestEntry.csproj", "{749A5F2F-8769-4FE9-9485-44999D813BA5}"
EndProject
Project("{9A19103F-16F7-4668-BE54-9A1E7A4F7556}") = "Cosmos.Test.ScannerTest0", "test\Cosmos.Test.ScannerTest0\Cosmos.Test.ScannerTest0.csproj", "{99689F56-23DE-42F3-8797-137D7B77D613}"
EndProject
Project("{9A19103F-16F7-4668-BE54-9A1E7A4F7556}") = "Cosmos.Extensions.Asyncs", "src\Cosmos.Extensions.Asyncs\Cosmos.Extensions.Asyncs.csproj", "{324B2399-958B-4E6B-90AF-4FD51DEB7681}"
EndProject
Project("{FAE04EC0-301F-11D3-BF4B-00C04F79EFBC}") = "Cosmos.Extensions.Reflection", "src\Cosmos.Extensions.Reflection\Cosmos.Extensions.Reflection.csproj", "{5542C90C-367D-4327-BB7A-A01ACA2A2949}"
EndProject
Project("{FAE04EC0-301F-11D3-BF4B-00C04F79EFBC}") = "Cosmos.Extensions.Optionals", "src\Cosmos.Extensions.Optionals\Cosmos.Extensions.Optionals.csproj", "{43F1A15E-04EA-405F-8115-B3DD3DDD6B3B}"
EndProject
Project("{FAE04EC0-301F-11D3-BF4B-00C04F79EFBC}") = "Cosmos.Test.ReflectionTests", "test\Cosmos.Test.ReflectionTests\Cosmos.Test.ReflectionTests.csproj", "{F7ED45F3-8BB1-4620-A267-9F02510134E4}"
EndProject
Project("{FAE04EC0-301F-11D3-BF4B-00C04F79EFBC}") = "Cosmos.Extensions.Disposables", "src\Cosmos.Extensions.Disposables\Cosmos.Extensions.Disposables.csproj", "{3443E66F-7222-415A-81A0-75F85DA2B79E}"
EndProject
Project("{FAE04EC0-301F-11D3-BF4B-00C04F79EFBC}") = "Cosmos.Extensions.PowerCucumber", "src\Cosmos.Extensions.PowerCucumber\Cosmos.Extensions.PowerCucumber.csproj", "{C3ACBB1C-06B5-4C9A-9FFA-F9430956D351}"
EndProject
Project("{FAE04EC0-301F-11D3-BF4B-00C04F79EFBC}") = "Cosmos.Extensions.Conversions", "src\Cosmos.Extensions.Conversions\Cosmos.Extensions.Conversions.csproj", "{8AFB7A68-BF2A-499A-93D8-653A3C94C49C}"
EndProject
Project("{2150E333-8FDC-42A3-9474-1A3956D46DE8}") = "abstractions", "abstractions", "{9F0A0003-3464-4DA2-B2DF-28CBD5DD7D6A}"
EndProject
Project("{2150E333-8FDC-42A3-9474-1A3956D46DE8}") = "core", "core", "{9039BEC8-72D5-46BD-B33B-712FE08F9FF0}"
EndProject
Project("{2150E333-8FDC-42A3-9474-1A3956D46DE8}") = "extensions", "extensions", "{EDED875E-58F5-4762-96D3-2E0F490BF83F}"
EndProject
Global
	GlobalSection(SolutionConfigurationPlatforms) = preSolution
		Debug|Any CPU = Debug|Any CPU
		Release|Any CPU = Release|Any CPU
	EndGlobalSection
	GlobalSection(ProjectConfigurationPlatforms) = postSolution
		{8FE469B4-1086-4708-8CF4-5CCF6645EB20}.Debug|Any CPU.ActiveCfg = Debug|Any CPU
		{8FE469B4-1086-4708-8CF4-5CCF6645EB20}.Debug|Any CPU.Build.0 = Debug|Any CPU
		{8FE469B4-1086-4708-8CF4-5CCF6645EB20}.Release|Any CPU.ActiveCfg = Release|Any CPU
		{8FE469B4-1086-4708-8CF4-5CCF6645EB20}.Release|Any CPU.Build.0 = Release|Any CPU
		{FEFFEF83-5011-490B-8E0D-9FBE516FCE7D}.Debug|Any CPU.ActiveCfg = Debug|Any CPU
		{FEFFEF83-5011-490B-8E0D-9FBE516FCE7D}.Debug|Any CPU.Build.0 = Debug|Any CPU
		{FEFFEF83-5011-490B-8E0D-9FBE516FCE7D}.Release|Any CPU.ActiveCfg = Release|Any CPU
		{FEFFEF83-5011-490B-8E0D-9FBE516FCE7D}.Release|Any CPU.Build.0 = Release|Any CPU
		{CB6A93EA-344E-4D4E-B268-4F0181BAC009}.Debug|Any CPU.ActiveCfg = Debug|Any CPU
		{CB6A93EA-344E-4D4E-B268-4F0181BAC009}.Debug|Any CPU.Build.0 = Debug|Any CPU
		{CB6A93EA-344E-4D4E-B268-4F0181BAC009}.Release|Any CPU.ActiveCfg = Release|Any CPU
		{CB6A93EA-344E-4D4E-B268-4F0181BAC009}.Release|Any CPU.Build.0 = Release|Any CPU
		{85C2BF3F-F1A4-44DA-90E5-2B8328C8DB8F}.Debug|Any CPU.ActiveCfg = Debug|Any CPU
		{85C2BF3F-F1A4-44DA-90E5-2B8328C8DB8F}.Debug|Any CPU.Build.0 = Debug|Any CPU
		{85C2BF3F-F1A4-44DA-90E5-2B8328C8DB8F}.Release|Any CPU.ActiveCfg = Release|Any CPU
		{85C2BF3F-F1A4-44DA-90E5-2B8328C8DB8F}.Release|Any CPU.Build.0 = Release|Any CPU
		{0A2CA6C4-A168-460F-BD36-E2BAD2BCE353}.Debug|Any CPU.ActiveCfg = Debug|Any CPU
		{0A2CA6C4-A168-460F-BD36-E2BAD2BCE353}.Debug|Any CPU.Build.0 = Debug|Any CPU
		{0A2CA6C4-A168-460F-BD36-E2BAD2BCE353}.Release|Any CPU.ActiveCfg = Release|Any CPU
		{0A2CA6C4-A168-460F-BD36-E2BAD2BCE353}.Release|Any CPU.Build.0 = Release|Any CPU
		{890A95AB-C6F1-465D-AC11-5B9EEE712318}.Debug|Any CPU.ActiveCfg = Debug|Any CPU
		{890A95AB-C6F1-465D-AC11-5B9EEE712318}.Debug|Any CPU.Build.0 = Debug|Any CPU
		{890A95AB-C6F1-465D-AC11-5B9EEE712318}.Release|Any CPU.ActiveCfg = Release|Any CPU
		{890A95AB-C6F1-465D-AC11-5B9EEE712318}.Release|Any CPU.Build.0 = Release|Any CPU
		{A74DA34D-0340-434D-9FF0-190F7E61BA99}.Debug|Any CPU.ActiveCfg = Debug|Any CPU
		{A74DA34D-0340-434D-9FF0-190F7E61BA99}.Debug|Any CPU.Build.0 = Debug|Any CPU
		{A74DA34D-0340-434D-9FF0-190F7E61BA99}.Release|Any CPU.ActiveCfg = Release|Any CPU
		{A74DA34D-0340-434D-9FF0-190F7E61BA99}.Release|Any CPU.Build.0 = Release|Any CPU
		{928B0BA7-EE48-4E0E-87D4-E2607ACA223A}.Debug|Any CPU.ActiveCfg = Debug|Any CPU
		{928B0BA7-EE48-4E0E-87D4-E2607ACA223A}.Debug|Any CPU.Build.0 = Debug|Any CPU
		{928B0BA7-EE48-4E0E-87D4-E2607ACA223A}.Release|Any CPU.ActiveCfg = Release|Any CPU
		{928B0BA7-EE48-4E0E-87D4-E2607ACA223A}.Release|Any CPU.Build.0 = Release|Any CPU
		{1667499C-E0B6-4E96-BF55-26F2C456E2FD}.Debug|Any CPU.ActiveCfg = Debug|Any CPU
		{1667499C-E0B6-4E96-BF55-26F2C456E2FD}.Debug|Any CPU.Build.0 = Debug|Any CPU
		{1667499C-E0B6-4E96-BF55-26F2C456E2FD}.Release|Any CPU.ActiveCfg = Release|Any CPU
		{1667499C-E0B6-4E96-BF55-26F2C456E2FD}.Release|Any CPU.Build.0 = Release|Any CPU
		{6B1BFE6F-D75F-4959-9B51-D0E17019912E}.Debug|Any CPU.ActiveCfg = Debug|Any CPU
		{6B1BFE6F-D75F-4959-9B51-D0E17019912E}.Debug|Any CPU.Build.0 = Debug|Any CPU
		{6B1BFE6F-D75F-4959-9B51-D0E17019912E}.Release|Any CPU.ActiveCfg = Release|Any CPU
		{6B1BFE6F-D75F-4959-9B51-D0E17019912E}.Release|Any CPU.Build.0 = Release|Any CPU
		{749A5F2F-8769-4FE9-9485-44999D813BA5}.Debug|Any CPU.ActiveCfg = Debug|Any CPU
		{749A5F2F-8769-4FE9-9485-44999D813BA5}.Debug|Any CPU.Build.0 = Debug|Any CPU
		{749A5F2F-8769-4FE9-9485-44999D813BA5}.Release|Any CPU.ActiveCfg = Release|Any CPU
		{749A5F2F-8769-4FE9-9485-44999D813BA5}.Release|Any CPU.Build.0 = Release|Any CPU
		{99689F56-23DE-42F3-8797-137D7B77D613}.Debug|Any CPU.ActiveCfg = Debug|Any CPU
		{99689F56-23DE-42F3-8797-137D7B77D613}.Debug|Any CPU.Build.0 = Debug|Any CPU
		{99689F56-23DE-42F3-8797-137D7B77D613}.Release|Any CPU.ActiveCfg = Release|Any CPU
		{99689F56-23DE-42F3-8797-137D7B77D613}.Release|Any CPU.Build.0 = Release|Any CPU
		{324B2399-958B-4E6B-90AF-4FD51DEB7681}.Debug|Any CPU.ActiveCfg = Debug|Any CPU
		{324B2399-958B-4E6B-90AF-4FD51DEB7681}.Debug|Any CPU.Build.0 = Debug|Any CPU
		{324B2399-958B-4E6B-90AF-4FD51DEB7681}.Release|Any CPU.ActiveCfg = Release|Any CPU
		{324B2399-958B-4E6B-90AF-4FD51DEB7681}.Release|Any CPU.Build.0 = Release|Any CPU
		{5542C90C-367D-4327-BB7A-A01ACA2A2949}.Debug|Any CPU.ActiveCfg = Debug|Any CPU
		{5542C90C-367D-4327-BB7A-A01ACA2A2949}.Debug|Any CPU.Build.0 = Debug|Any CPU
		{5542C90C-367D-4327-BB7A-A01ACA2A2949}.Release|Any CPU.ActiveCfg = Release|Any CPU
		{5542C90C-367D-4327-BB7A-A01ACA2A2949}.Release|Any CPU.Build.0 = Release|Any CPU
		{43F1A15E-04EA-405F-8115-B3DD3DDD6B3B}.Debug|Any CPU.ActiveCfg = Debug|Any CPU
		{43F1A15E-04EA-405F-8115-B3DD3DDD6B3B}.Debug|Any CPU.Build.0 = Debug|Any CPU
		{43F1A15E-04EA-405F-8115-B3DD3DDD6B3B}.Release|Any CPU.ActiveCfg = Release|Any CPU
		{43F1A15E-04EA-405F-8115-B3DD3DDD6B3B}.Release|Any CPU.Build.0 = Release|Any CPU
		{F7ED45F3-8BB1-4620-A267-9F02510134E4}.Debug|Any CPU.ActiveCfg = Debug|Any CPU
		{F7ED45F3-8BB1-4620-A267-9F02510134E4}.Debug|Any CPU.Build.0 = Debug|Any CPU
		{F7ED45F3-8BB1-4620-A267-9F02510134E4}.Release|Any CPU.ActiveCfg = Release|Any CPU
		{F7ED45F3-8BB1-4620-A267-9F02510134E4}.Release|Any CPU.Build.0 = Release|Any CPU
		{3443E66F-7222-415A-81A0-75F85DA2B79E}.Debug|Any CPU.ActiveCfg = Debug|Any CPU
		{3443E66F-7222-415A-81A0-75F85DA2B79E}.Debug|Any CPU.Build.0 = Debug|Any CPU
		{3443E66F-7222-415A-81A0-75F85DA2B79E}.Release|Any CPU.ActiveCfg = Release|Any CPU
		{3443E66F-7222-415A-81A0-75F85DA2B79E}.Release|Any CPU.Build.0 = Release|Any CPU
		{C3ACBB1C-06B5-4C9A-9FFA-F9430956D351}.Debug|Any CPU.ActiveCfg = Debug|Any CPU
		{C3ACBB1C-06B5-4C9A-9FFA-F9430956D351}.Debug|Any CPU.Build.0 = Debug|Any CPU
		{C3ACBB1C-06B5-4C9A-9FFA-F9430956D351}.Release|Any CPU.ActiveCfg = Release|Any CPU
		{C3ACBB1C-06B5-4C9A-9FFA-F9430956D351}.Release|Any CPU.Build.0 = Release|Any CPU
		{8AFB7A68-BF2A-499A-93D8-653A3C94C49C}.Debug|Any CPU.ActiveCfg = Debug|Any CPU
		{8AFB7A68-BF2A-499A-93D8-653A3C94C49C}.Debug|Any CPU.Build.0 = Debug|Any CPU
		{8AFB7A68-BF2A-499A-93D8-653A3C94C49C}.Release|Any CPU.ActiveCfg = Release|Any CPU
		{8AFB7A68-BF2A-499A-93D8-653A3C94C49C}.Release|Any CPU.Build.0 = Release|Any CPU
	EndGlobalSection
	GlobalSection(SolutionProperties) = preSolution
		HideSolutionNode = FALSE
	EndGlobalSection
	GlobalSection(NestedProjects) = preSolution
		{83D0F22B-1ED1-4B88-A18F-DF8CC6385E1F} = {CF634BA0-51EE-4B4A-AB50-5DA72FCD3B6B}
		{FEFFEF83-5011-490B-8E0D-9FBE516FCE7D} = {0F01E2EF-3398-47CB-B5CB-33AF122A1BC7}
		{1667499C-E0B6-4E96-BF55-26F2C456E2FD} = {0F01E2EF-3398-47CB-B5CB-33AF122A1BC7}
		{6B1BFE6F-D75F-4959-9B51-D0E17019912E} = {0F01E2EF-3398-47CB-B5CB-33AF122A1BC7}
		{749A5F2F-8769-4FE9-9485-44999D813BA5} = {0F01E2EF-3398-47CB-B5CB-33AF122A1BC7}
		{99689F56-23DE-42F3-8797-137D7B77D613} = {0F01E2EF-3398-47CB-B5CB-33AF122A1BC7}
		{F7ED45F3-8BB1-4620-A267-9F02510134E4} = {0F01E2EF-3398-47CB-B5CB-33AF122A1BC7}
		{9F0A0003-3464-4DA2-B2DF-28CBD5DD7D6A} = {BDBDE50C-D11B-4B8B-8349-0B6681CC98FF}
		{890A95AB-C6F1-465D-AC11-5B9EEE712318} = {9F0A0003-3464-4DA2-B2DF-28CBD5DD7D6A}
		{9039BEC8-72D5-46BD-B33B-712FE08F9FF0} = {BDBDE50C-D11B-4B8B-8349-0B6681CC98FF}
		{8FE469B4-1086-4708-8CF4-5CCF6645EB20} = {9039BEC8-72D5-46BD-B33B-712FE08F9FF0}
		{EDED875E-58F5-4762-96D3-2E0F490BF83F} = {BDBDE50C-D11B-4B8B-8349-0B6681CC98FF}
		{324B2399-958B-4E6B-90AF-4FD51DEB7681} = {EDED875E-58F5-4762-96D3-2E0F490BF83F}
		{928B0BA7-EE48-4E0E-87D4-E2607ACA223A} = {EDED875E-58F5-4762-96D3-2E0F490BF83F}
		{8AFB7A68-BF2A-499A-93D8-653A3C94C49C} = {EDED875E-58F5-4762-96D3-2E0F490BF83F}
		{CB6A93EA-344E-4D4E-B268-4F0181BAC009} = {EDED875E-58F5-4762-96D3-2E0F490BF83F}
		{3443E66F-7222-415A-81A0-75F85DA2B79E} = {EDED875E-58F5-4762-96D3-2E0F490BF83F}
		{A74DA34D-0340-434D-9FF0-190F7E61BA99} = {EDED875E-58F5-4762-96D3-2E0F490BF83F}
		{43F1A15E-04EA-405F-8115-B3DD3DDD6B3B} = {EDED875E-58F5-4762-96D3-2E0F490BF83F}
		{C3ACBB1C-06B5-4C9A-9FFA-F9430956D351} = {EDED875E-58F5-4762-96D3-2E0F490BF83F}
		{85C2BF3F-F1A4-44DA-90E5-2B8328C8DB8F} = {EDED875E-58F5-4762-96D3-2E0F490BF83F}
		{5542C90C-367D-4327-BB7A-A01ACA2A2949} = {EDED875E-58F5-4762-96D3-2E0F490BF83F}
		{0A2CA6C4-A168-460F-BD36-E2BAD2BCE353} = {BDBDE50C-D11B-4B8B-8349-0B6681CC98FF}
	EndGlobalSection
	GlobalSection(ExtensibilityGlobals) = postSolution
		SolutionGuid = {D68A6AF5-79FE-4679-AD20-67D6CFCF75B4}
	EndGlobalSection
EndGlobal
