
Microsoft Visual Studio Solution File, Format Version 12.00
# Visual Studio 15
VisualStudioVersion = 15.0.28307.329
MinimumVisualStudioVersion = 10.0.40219.1
Project("{2150E333-8FDC-42A3-9474-1A3956D46DE8}") = "src", "src", "{EFAD19EE-C5AE-4222-B310-98D7ED894817}"
EndProject
Project("{2150E333-8FDC-42A3-9474-1A3956D46DE8}") = "tests", "tests", "{C7F9D95E-37A9-4B73-B32A-C6637EE96FE5}"
EndProject
Project("{2150E333-8FDC-42A3-9474-1A3956D46DE8}") = "Solution Items", "Solution Items", "{850BA238-D275-4149-8125-C5EBF5CC97A8}"
	ProjectSection(SolutionItems) = preProject
		NuGet.config = NuGet.config
		Publish.bat = Publish.bat
		PublishToMyGet.bat = PublishToMyGet.bat
		README.MD = README.MD
	EndProjectSection
EndProject
Project("{2150E333-8FDC-42A3-9474-1A3956D46DE8}") = "build", "build", "{5F53D90A-2D1B-4D7A-BE79-8050E92DFD87}"
	ProjectSection(SolutionItems) = preProject
		build\common.props = build\common.props
	EndProjectSection
EndProject
Project("{9A19103F-16F7-4668-BE54-9A1E7A4F7556}") = "Cosmos.Extensions.DependencyInjection", "src\Cosmos.Extensions.DependencyInjection\Cosmos.Extensions.DependencyInjection.csproj", "{ABEB4173-0184-48A8-8C8C-640B4D0CDD18}"
EndProject
Project("{9A19103F-16F7-4668-BE54-9A1E7A4F7556}") = "Cosmos.Extensions.Autofac", "src\Cosmos.Extensions.Autofac\Cosmos.Extensions.Autofac.csproj", "{4C420C0C-9301-4694-A0D8-FA4DE09A7A9D}"
EndProject
Project("{FAE04EC0-301F-11D3-BF4B-00C04F79EFBC}") = "Cosmos.Extensions.AspectCoreInjector", "src\Cosmos.Extensions.AspectCoreInjector\Cosmos.Extensions.AspectCoreInjector.csproj", "{875C76D5-22A4-45C0-8980-EE5D60699516}"
EndProject
Global
	GlobalSection(SolutionConfigurationPlatforms) = preSolution
		Debug|Any CPU = Debug|Any CPU
		Release|Any CPU = Release|Any CPU
	EndGlobalSection
	GlobalSection(ProjectConfigurationPlatforms) = postSolution
		{ABEB4173-0184-48A8-8C8C-640B4D0CDD18}.Debug|Any CPU.ActiveCfg = Debug|Any CPU
		{ABEB4173-0184-48A8-8C8C-640B4D0CDD18}.Debug|Any CPU.Build.0 = Debug|Any CPU
		{ABEB4173-0184-48A8-8C8C-640B4D0CDD18}.Release|Any CPU.ActiveCfg = Release|Any CPU
		{ABEB4173-0184-48A8-8C8C-640B4D0CDD18}.Release|Any CPU.Build.0 = Release|Any CPU
		{4C420C0C-9301-4694-A0D8-FA4DE09A7A9D}.Debug|Any CPU.ActiveCfg = Debug|Any CPU
		{4C420C0C-9301-4694-A0D8-FA4DE09A7A9D}.Debug|Any CPU.Build.0 = Debug|Any CPU
		{4C420C0C-9301-4694-A0D8-FA4DE09A7A9D}.Release|Any CPU.ActiveCfg = Release|Any CPU
		{4C420C0C-9301-4694-A0D8-FA4DE09A7A9D}.Release|Any CPU.Build.0 = Release|Any CPU
		{875C76D5-22A4-45C0-8980-EE5D60699516}.Debug|Any CPU.ActiveCfg = Debug|Any CPU
		{875C76D5-22A4-45C0-8980-EE5D60699516}.Debug|Any CPU.Build.0 = Debug|Any CPU
		{875C76D5-22A4-45C0-8980-EE5D60699516}.Release|Any CPU.ActiveCfg = Release|Any CPU
		{875C76D5-22A4-45C0-8980-EE5D60699516}.Release|Any CPU.Build.0 = Release|Any CPU
	EndGlobalSection
	GlobalSection(SolutionProperties) = preSolution
		HideSolutionNode = FALSE
	EndGlobalSection
	GlobalSection(NestedProjects) = preSolution
		{5F53D90A-2D1B-4D7A-BE79-8050E92DFD87} = {850BA238-D275-4149-8125-C5EBF5CC97A8}
		{ABEB4173-0184-48A8-8C8C-640B4D0CDD18} = {EFAD19EE-C5AE-4222-B310-98D7ED894817}
		{4C420C0C-9301-4694-A0D8-FA4DE09A7A9D} = {EFAD19EE-C5AE-4222-B310-98D7ED894817}
		{875C76D5-22A4-45C0-8980-EE5D60699516} = {EFAD19EE-C5AE-4222-B310-98D7ED894817}
	EndGlobalSection
	GlobalSection(ExtensibilityGlobals) = postSolution
		SolutionGuid = {45736C31-1DF4-498D-A203-98B7B81363D6}
	EndGlobalSection
EndGlobal
